
Microsoft Visual Studio Solution File, Format Version 12.00
# Visual Studio 14
VisualStudioVersion = 14.0.25420.1
MinimumVisualStudioVersion = 10.0.40219.1
Project("{8BC9CEB8-8B4A-11D0-8D11-00A0C91BC942}") = "GD1M02Calculator", "Matrix Calculators\matrixCalculator.vcxproj", "{971BE4EE-E1EC-4A9E-B5A0-3484DCA62294}"
EndProject
Global
	GlobalSection(SolutionConfigurationPlatforms) = preSolution
		Debug|x86 = Debug|x86
		Release|x86 = Release|x86
	EndGlobalSection
	GlobalSection(ProjectConfigurationPlatforms) = postSolution
		{971BE4EE-E1EC-4A9E-B5A0-3484DCA62294}.Debug|x86.ActiveCfg = Debug|Win32
		{971BE4EE-E1EC-4A9E-B5A0-3484DCA62294}.Debug|x86.Build.0 = Debug|Win32
		{971BE4EE-E1EC-4A9E-B5A0-3484DCA62294}.Release|x86.ActiveCfg = Release|Win32
		{971BE4EE-E1EC-4A9E-B5A0-3484DCA62294}.Release|x86.Build.0 = Release|Win32
	EndGlobalSection
	GlobalSection(SolutionProperties) = preSolution
		HideSolutionNode = FALSE
	EndGlobalSection
EndGlobal
